Microsoft Visual Studio Solution File, Format Version 12.00
# Visual Studio Version 17
VisualStudioVersion = 17.5.2.0
MinimumVisualStudioVersion = 10.0.40219.1
Project("{FAE04EC0-301F-11D3-BF4B-00C04F79EFBC}") = "spaceShooter", "spaceShooter.csproj", "{50CA6401-EBF7-F660-8953-F66189AA5799}"
EndProject
Global
	GlobalSection(SolutionConfigurationPlatforms) = preSolution
		Debug|Any CPU = Debug|Any CPU
		Release|Any CPU = Release|Any CPU
	EndGlobalSection
	GlobalSection(ProjectConfigurationPlatforms) = postSolution
		{50CA6401-EBF7-F660-8953-F66189AA5799}.Debug|Any CPU.ActiveCfg = Debug|Any CPU
		{50CA6401-EBF7-F660-8953-F66189AA5799}.Debug|Any CPU.Build.0 = Debug|Any CPU
		{50CA6401-EBF7-F660-8953-F66189AA5799}.Release|Any CPU.ActiveCfg = Release|Any CPU
		{50CA6401-EBF7-F660-8953-F66189AA5799}.Release|Any CPU.Build.0 = Release|Any CPU
	EndGlobalSection
	GlobalSection(SolutionProperties) = preSolution
		HideSolutionNode = FALSE
	EndGlobalSection
	GlobalSection(ExtensibilityGlobals) = postSolution
		SolutionGuid = {2EF40BE7-3786-480D-ABB9-31AFDF9BA721}
	EndGlobalSection
EndGlobal
